
Microsoft Visual Studio Solution File, Format Version 12.00
# Visual Studio Version 17
VisualStudioVersion = 17.9.34723.18
MinimumVisualStudioVersion = 10.0.40219.1
Project("{9A19103F-16F7-4668-BE54-9A1E7A4F7556}") = "MeShopV1", "MeShopV1\MeShopV1.csproj", "{8F8FFB5A-9B2D-446E-8135-3C8A486B9F60}"
EndProject
Project("{9A19103F-16F7-4668-BE54-9A1E7A4F7556}") = "Infrastructure", "Infrastructure\Infrastructure.csproj", "{39E43EB5-16C0-4948-B2E9-FB711716653E}"
EndProject
Project("{FAE04EC0-301F-11D3-BF4B-00C04F79EFBC}") = "Tests", "Tests\Tests.csproj", "{2CA5FCA7-E30C-49BD-877D-6285B17B03B8}"
EndProject
Global
	GlobalSection(SolutionConfigurationPlatforms) = preSolution
		Debug|Any CPU = Debug|Any CPU
		Release|Any CPU = Release|Any CPU
	EndGlobalSection
	GlobalSection(ProjectConfigurationPlatforms) = postSolution
		{8F8FFB5A-9B2D-446E-8135-3C8A486B9F60}.Debug|Any CPU.ActiveCfg = Debug|Any CPU
		{8F8FFB5A-9B2D-446E-8135-3C8A486B9F60}.Debug|Any CPU.Build.0 = Debug|Any CPU
		{8F8FFB5A-9B2D-446E-8135-3C8A486B9F60}.Release|Any CPU.ActiveCfg = Release|Any CPU
		{8F8FFB5A-9B2D-446E-8135-3C8A486B9F60}.Release|Any CPU.Build.0 = Release|Any CPU
		{39E43EB5-16C0-4948-B2E9-FB711716653E}.Debug|Any CPU.ActiveCfg = Debug|Any CPU
		{39E43EB5-16C0-4948-B2E9-FB711716653E}.Debug|Any CPU.Build.0 = Debug|Any CPU
		{39E43EB5-16C0-4948-B2E9-FB711716653E}.Release|Any CPU.ActiveCfg = Release|Any CPU
		{39E43EB5-16C0-4948-B2E9-FB711716653E}.Release|Any CPU.Build.0 = Release|Any CPU
		{2CA5FCA7-E30C-49BD-877D-6285B17B03B8}.Debug|Any CPU.ActiveCfg = Debug|Any CPU
		{2CA5FCA7-E30C-49BD-877D-6285B17B03B8}.Debug|Any CPU.Build.0 = Debug|Any CPU
		{2CA5FCA7-E30C-49BD-877D-6285B17B03B8}.Release|Any CPU.ActiveCfg = Release|Any CPU
		{2CA5FCA7-E30C-49BD-877D-6285B17B03B8}.Release|Any CPU.Build.0 = Release|Any CPU
	EndGlobalSection
	GlobalSection(SolutionProperties) = preSolution
		HideSolutionNode = FALSE
	EndGlobalSection
	GlobalSection(ExtensibilityGlobals) = postSolution
		SolutionGuid = {47F65D20-8F1A-4266-B54B-DE44BA8DD76A}
	EndGlobalSection
EndGlobal
